
Microsoft Visual Studio Solution File, Format Version 12.00
# Visual Studio 15
VisualStudioVersion = 15.0.28307.168
MinimumVisualStudioVersion = 10.0.40219.1
Project("{FAE04EC0-301F-11D3-BF4B-00C04F79EFBC}") = "checkbox_radiobutton_groupbox", "checkbox_radiobutton_groupbox\checkbox_radiobutton_groupbox.csproj", "{2A4F1608-6B8D-46A6-A012-7C3D4EBCE104}"
EndProject
Global
	GlobalSection(SolutionConfigurationPlatforms) = preSolution
		Debug|Any CPU = Debug|Any CPU
		Release|Any CPU = Release|Any CPU
	EndGlobalSection
	GlobalSection(ProjectConfigurationPlatforms) = postSolution
		{2A4F1608-6B8D-46A6-A012-7C3D4EBCE104}.Debug|Any CPU.ActiveCfg = Debug|Any CPU
		{2A4F1608-6B8D-46A6-A012-7C3D4EBCE104}.Debug|Any CPU.Build.0 = Debug|Any CPU
		{2A4F1608-6B8D-46A6-A012-7C3D4EBCE104}.Release|Any CPU.ActiveCfg = Release|Any CPU
		{2A4F1608-6B8D-46A6-A012-7C3D4EBCE104}.Release|Any CPU.Build.0 = Release|Any CPU
	EndGlobalSection
	GlobalSection(SolutionProperties) = preSolution
		HideSolutionNode = FALSE
	EndGlobalSection
	GlobalSection(ExtensibilityGlobals) = postSolution
		SolutionGuid = {0A51795B-7208-4EB1-ADC8-97109B9EFBF0}
	EndGlobalSection
EndGlobal
